// !$*UTF8*$!
{
	archiveVersion = 1;
	classes = {
	};
	objectVersion = 48;
	objects = {

/* Begin PBXBuildFile section */
		0009D6F3206CF45500BDBAE9 /* AppDelegate.swift in Sources */ = {isa = PBXBuildFile; fileRef = 0009D6F2206CF45500BDBAE9 /* AppDelegate.swift */; };
		0009D6F5206CF45500BDBAE9 /* art.scnassets in Resources */ = {isa = PBXBuildFile; fileRef = 0009D6F4206CF45500BDBAE9 /* art.scnassets */; };
		0009D6F7206CF45500BDBAE9 /* ViewController.swift in Sources */ = {isa = PBXBuildFile; fileRef = 0009D6F6206CF45500BDBAE9 /* ViewController.swift */; };
		0009D6FA206CF45500BDBAE9 /* Main.storyboard in Resources */ = {isa = PBXBuildFile; fileRef = 0009D6F8206CF45500BDBAE9 /* Main.storyboard */; };
		0009D6FC206CF45500BDBAE9 /* Assets.xcassets in Resources */ = {isa = PBXBuildFile; fileRef = 0009D6FB206CF45500BDBAE9 /* Assets.xcassets */; };
		0009D6FF206CF45500BDBAE9 /* LaunchScreen.storyboard in Resources */ = {isa = PBXBuildFile; fileRef = 0009D6FD206CF45500BDBAE9 /* LaunchScreen.storyboard */; };
/* End PBXBuildFile section */

/* Begin PBXFileReference section */
		0009D6EF206CF45500BDBAE9 /* AR Dicee.app */ = {isa = PBXFileReference; explicitFileType = wrapper.application; includeInIndex = 0; path = "AR Dicee.app"; sourceTree = BUILT_PRODUCTS_DIR; };
		0009D6F2206CF45500BDBAE9 /* AppDelegate.swift */ = {isa = PBXFileReference; lastKnownFileType = sourcecode.swift; path = AppDelegate.swift; sourceTree = "<group>"; };
		0009D6F4206CF45500BDBAE9 /* art.scnassets */ = {isa = PBXFileReference; lastKnownFileType = wrapper.scnassets; path = art.scnassets; sourceTree = "<group>"; };
		0009D6F6206CF45500BDBAE9 /* ViewController.swift */ = {isa = PBXFileReference; lastKnownFileType = sourcecode.swift; path = ViewController.swift; sourceTree = "<group>"; };
		0009D6F9206CF45500BDBAE9 /* Base */ = {isa = PBXFileReference; lastKnownFileType = file.storyboard; name = Base; path = Base.lproj/Main.storyboard; sourceTree = "<group>"; };
		0009D6FB206CF45500BDBAE9 /* Assets.xcassets */ = {isa = PBXFileReference; lastKnownFileType = folder.assetcatalog; path = Assets.xcassets; sourceTree = "<group>"; };
		0009D6FE206CF45500BDBAE9 /* Base */ = {isa = PBXFileReference; lastKnownFileType = file.storyboard; name = Base; path = Base.lproj/LaunchScreen.storyboard; sourceTree = "<group>"; };
		0009D700206CF45500BDBAE9 /* Info.plist */ = {isa = PBXFileReference; lastKnownFileType = text.plist.xml; path = Info.plist; sourceTree = "<group>"; };
/* End PBXFileReference section */

/* Begin PBXFrameworksBuildPhase section */
		0009D6EC206CF45500BDBAE9 /* Frameworks */ = {
			isa = PBXFrameworksBuildPhase;
			buildActionMask = 2147483647;
			files = (
			);
			runOnlyForDeploymentPostprocessing = 0;
		};
/* End PBXFrameworksBuildPhase section */

/* Begin PBXGroup section */
		0009D6E6206CF45500BDBAE9 = {
			isa = PBXGroup;
			children = (
				0009D6F1206CF45500BDBAE9 /* AR Dicee */,
				0009D6F0206CF45500BDBAE9 /* Products */,
			);
			sourceTree = "<group>";
		};
		0009D6F0206CF45500BDBAE9 /* Products */ = {
			isa = PBXGroup;
			children = (
				0009D6EF206CF45500BDBAE9 /* AR Dicee.app */,
			);
			name = Products;
			sourceTree = "<group>";
		};
		0009D6F1206CF45500BDBAE9 /* AR Dicee */ = {
			isa = PBXGroup;
			children = (
				0009D6F2206CF45500BDBAE9 /* AppDelegate.swift */,
				0009D6F4206CF45500BDBAE9 /* art.scnassets */,
				0009D6F6206CF45500BDBAE9 /* ViewController.swift */,
				0009D6F8206CF45500BDBAE9 /* Main.storyboard */,
				0009D6FB206CF45500BDBAE9 /* Assets.xcassets */,
				0009D6FD206CF45500BDBAE9 /* LaunchScreen.storyboard */,
				0009D700206CF45500BDBAE9 /* Info.plist */,
			);
			path = "AR Dicee";
			sourceTree = "<group>";
		};
/* End PBXGroup section */

/* Begin PBXNativeTarget section */
		0009D6EE206CF45500BDBAE9 /* AR Dicee */ = {
			isa = PBXNativeTarget;
			buildConfigurationList = 0009D703206CF45500BDBAE9 /* Build configuration list for PBXNativeTarget "AR Dicee" */;
			buildPhases = (
				0009D6EB206CF45500BDBAE9 /* Sources */,
				0009D6EC206CF45500BDBAE9 /* Frameworks */,
				0009D6ED206CF45500BDBAE9 /* Resources */,
			);
			buildRules = (
			);
			dependencies = (
			);
			name = "AR Dicee";
			productName = "AR Dicee";
			productReference = 0009D6EF206CF45500BDBAE9 /* AR Dicee.app */;
			productType = "com.apple.product-type.application";
		};
/* End PBXNativeTarget section */

/* Begin PBXProject section */
		0009D6E7206CF45500BDBAE9 /* Project object */ = {
			isa = PBXProject;
			attributes = {
				LastSwiftUpdateCheck = 0920;
				LastUpgradeCheck = 0920;
				ORGANIZATIONNAME = "Thomas Amaranto";
				TargetAttributes = {
					0009D6EE206CF45500BDBAE9 = {
						CreatedOnToolsVersion = 9.2;
						ProvisioningStyle = Automatic;
					};
				};
			};
			buildConfigurationList = 0009D6EA206CF45500BDBAE9 /* Build configuration list for PBXProject "AR Dicee" */;
			compatibilityVersion = "Xcode 8.0";
			developmentRegion = en;
			hasScannedForEncodings = 0;
			knownRegions = (
				en,
				Base,
			);
			mainGroup = 0009D6E6206CF45500BDBAE9;
			productRefGroup = 0009D6F0206CF45500BDBAE9 /* Products */;
			projectDirPath = "";
			projectRoot = "";
			targets = (
				0009D6EE206CF45500BDBAE9 /* AR Dicee */,
			);
		};
/* End PBXProject section */

/* Begin PBXResourcesBuildPhase section */
		0009D6ED206CF45500BDBAE9 /* Resources */ = {
			isa = PBXResourcesBuildPhase;
			buildActionMask = 2147483647;
			files = (
				0009D6F5206CF45500BDBAE9 /* art.scnassets in Resources */,
				0009D6FF206CF45500BDBAE9 /* LaunchScreen.storyboard in Resources */,
				0009D6FC206CF45500BDBAE9 /* Assets.xcassets in Resources */,
				0009D6FA206CF45500BDBAE9 /* Main.storyboard in Resources */,
			);
			runOnlyForDeploymentPostprocessing = 0;
		};
/* End PBXResourcesBuildPhase section */

/* Begin PBXSourcesBuildPhase section */
		0009D6EB206CF45500BDBAE9 /* Sources */ = {
			isa = PBXSourcesBuildPhase;
			buildActionMask = 2147483647;
			files = (
				0009D6F7206CF45500BDBAE9 /* ViewController.swift in Sources */,
				0009D6F3206CF45500BDBAE9 /* AppDelegate.swift in Sources */,
			);
			runOnlyForDeploymentPostprocessing = 0;
		};
/* End PBXSourcesBuildPhase section */

/* Begin PBXVariantGroup section */
		0009D6F8206CF45500BDBAE9 /* Main.storyboard */ = {
			isa = PBXVariantGroup;
			children = (
				0009D6F9206CF45500BDBAE9 /* Base */,
			);
			name = Main.storyboard;
			sourceTree = "<group>";
		};
		0009D6FD206CF45500BDBAE9 /* LaunchScreen.storyboard */ = {
			isa = PBXVariantGroup;
			children = (
				0009D6FE206CF45500BDBAE9 /* Base */,
			);
			name = LaunchScreen.storyboard;
			sourceTree = "<group>";
		};
/* End PBXVariantGroup section */

/* Begin XCBuildConfiguration section */
		0009D701206CF45500BDBAE9 /* Debug */ = {
			isa = XCBuildConfiguration;
			buildSettings = {
				ALWAYS_SEARCH_USER_PATHS = NO;
				CLANG_ANALYZER_NONNULL = YES;
				CLANG_ANALYZER_NUMBER_OBJECT_CONVERSION = YES_AGGRESSIVE;
				CLANG_CXX_LANGUAGE_STANDARD = "gnu++14";
				CLANG_CXX_LIBRARY = "libc++";
				CLANG_ENABLE_MODULES = YES;
				CLANG_ENABLE_OBJC_ARC = YES;
				CLANG_WARN_BLOCK_CAPTURE_AUTORELEASING = YES;
				CLANG_WARN_BOOL_CONVERSION = YES;
				CLANG_WARN_COMMA = YES;
				CLANG_WARN_CONSTANT_CONVERSION = YES;
				CLANG_WARN_DIRECT_OBJC_ISA_USAGE = YES_ERROR;
				CLANG_WARN_DOCUMENTATION_COMMENTS = YES;
				CLANG_WARN_EMPTY_BODY = YES;
				CLANG_WARN_ENUM_CONVERSION = YES;
				CLANG_WARN_INFINITE_RECURSION = YES;
				CLANG_WARN_INT_CONVERSION = YES;
				CLANG_WARN_NON_LITERAL_NULL_CONVERSION = YES;
				CLANG_WARN_OBJC_LITERAL_CONVERSION = YES;
				CLANG_WARN_OBJC_ROOT_CLASS = YES_ERROR;
				CLANG_WARN_RANGE_LOOP_ANALYSIS = YES;
				CLANG_WARN_STRICT_PROTOTYPES = YES;
				CLANG_WARN_SUSPICIOUS_MOVE = YES;
				CLANG_WARN_UNGUARDED_AVAILABILITY = YES_AGGRESSIVE;
				CLANG_WARN_UNREACHABLE_CODE = YES;
				CLANG_WARN__DUPLICATE_METHOD_MATCH = YES;
				CODE_SIGN_IDENTITY = "iPhone Developer";
				COPY_PHASE_STRIP = NO;
				DEBUG_INFORMATION_FORMAT = dwarf;
				ENABLE_STRICT_OBJC_MSGSEND = YES;
				ENABLE_TESTABILITY = YES;
				GCC_C_LANGUAGE_STANDARD = gnu11;
				GCC_DYNAMIC_NO_PIC = NO;
				GCC_NO_COMMON_BLOCKS = YES;
				GCC_OPTIMIZATION_LEVEL = 0;
				GCC_PREPROCESSOR_DEFINITIONS = (
					"DEBUG=1",
					"$(inherited)",
				);
				GCC_WARN_64_TO_32_BIT_CONVERSION = YES;
				GCC_WARN_ABOUT_RETURN_TYPE = YES_ERROR;
				GCC_WARN_UNDECLARED_SELECTOR = YES;
				GCC_WARN_UNINITIALIZED_AUTOS = YES_AGGRESSIVE;
				GCC_WARN_UNUSED_FUNCTION = YES;
				GCC_WARN_UNUSED_VARIABLE = YES;
				IPHONEOS_DEPLOYMENT_TARGET = 11.2;
				MTL_ENABLE_DEBUG_INFO = YES;
				ONLY_ACTIVE_ARCH = YES;
				SDKROOT = iphoneos;
				SWIFT_ACTIVE_COMPILATION_CONDITIONS = DEBUG;
				SWIFT_OPTIMIZATION_LEVEL = "-Onone";
			};
			name = Debug;
		};
		0009D702206CF45500BDBAE9 /* Release */ = {
			isa = XCBuildConfiguration;
			buildSettings = {
				ALWAYS_SEARCH_USER_PATHS = NO;
				CLANG_ANALYZER_NONNULL = YES;
				CLANG_ANALYZER_NUMBER_OBJECT_CONVERSION = YES_AGGRESSIVE;
				CLANG_CXX_LANGUAGE_STANDARD = "gnu++14";
				CLANG_CXX_LIBRARY = "libc++";
				CLANG_ENABLE_MODULES = YES;
				CLANG_ENABLE_OBJC_ARC = YES;
				CLANG_WARN_BLOCK_CAPTURE_AUTORELEASING = YES;
				CLANG_WARN_BOOL_CONVERSION = YES;
				CLANG_WARN_COMMA = YES;
				CLANG_WARN_CONSTANT_CONVERSION = YES;
				CLANG_WARN_DIRECT_OBJC_ISA_USAGE = YES_ERROR;
				CLANG_WARN_DOCUMENTATION_COMMENTS = YES;
				CLANG_WARN_EMPTY_BODY = YES;
				CLANG_WARN_ENUM_CONVERSION = YES;
				CLANG_WARN_INFINITE_RECURSION = YES;
				CLANG_WARN_INT_CONVERSION = YES;
				CLANG_WARN_NON_LITERAL_NULL_CONVERSION = YES;
				CLANG_WARN_OBJC_LITERAL_CONVERSION = YES;
				CLANG_WARN_OBJC_ROOT_CLASS = YES_ERROR;
				CLANG_WARN_RANGE_LOOP_ANALYSIS = YES;
				CLANG_WARN_STRICT_PROTOTYPES = YES;
				CLANG_WARN_SUSPICIOUS_MOVE = YES;
				CLANG_WARN_UNGUARDED_AVAILABILITY = YES_AGGRESSIVE;
				CLANG_WARN_UNREACHABLE_CODE = YES;
				CLANG_WARN__DUPLICATE_METHOD_MATCH = YES;
				CODE_SIGN_IDENTITY = "iPhone Developer";
				COPY_PHASE_STRIP = NO;
				DEBUG_INFORMATION_FORMAT = "dwarf-with-dsym";
				ENABLE_NS_ASSERTIONS = NO;
				ENABLE_STRICT_OBJC_MSGSEND = YES;
				GCC_C_LANGUAGE_STANDARD = gnu11;
				GCC_NO_COMMON_BLOCKS = YES;
				GCC_WARN_64_TO_32_BIT_CONVERSION = YES;
				GCC_WARN_ABOUT_RETURN_TYPE = YES_ERROR;
				GCC_WARN_UNDECLARED_SELECTOR = YES;
				GCC_WARN_UNINITIALIZED_AUTOS = YES_AGGRESSIVE;
				GCC_WARN_UNUSED_FUNCTION = YES;
				GCC_WARN_UNUSED_VARIABLE = YES;
				IPHONEOS_DEPLOYMENT_TARGET = 11.2;
				MTL_ENABLE_DEBUG_INFO = NO;
				SDKROOT = iphoneos;
				SWIFT_OPTIMIZATION_LEVEL = "-Owholemodule";
				VALIDATE_PRODUCT = YES;
			};
			name = Release;
		};
		0009D704206CF45500BDBAE9 /* Debug */ = {
			isa = XCBuildConfiguration;
			buildSettings = {
				ASSETCATALOG_COMPILER_APPICON_NAME = AppIcon;
				CODE_SIGN_STYLE = Automatic;
				DEVELOPMENT_TEAM = 85AGZJQ4GK;
				INFOPLIST_FILE = "AR Dicee/Info.plist";
				LD_RUNPATH_SEARCH_PATHS = "$(inherited) @executable_path/Frameworks";
				PRODUCT_BUNDLE_IDENTIFIER = "com.thomasamaranto.AR-Dicee";
				PRODUCT_NAME = "$(TARGET_NAME)";
				SWIFT_VERSION = 4.0;
				TARGETED_DEVICE_FAMILY = "1,2";
			};
			name = Debug;
		};
		0009D705206CF45500BDBAE9 /* Release */ = {
			isa = XCBuildConfiguration;
			buildSettings = {
				ASSETCATALOG_COMPILER_APPICON_NAME = AppIcon;
				CODE_SIGN_STYLE = Automatic;
				DEVELOPMENT_TEAM = 85AGZJQ4GK;
				INFOPLIST_FILE = "AR Dicee/Info.plist";
				LD_RUNPATH_SEARCH_PATHS = "$(inherited) @executable_path/Frameworks";
				PRODUCT_BUNDLE_IDENTIFIER = "com.thomasamaranto.AR-Dicee";
				PRODUCT_NAME = "$(TARGET_NAME)";
				SWIFT_VERSION = 4.0;
				TARGETED_DEVICE_FAMILY = "1,2";
			};
			name = Release;
		};
/* End XCBuildConfiguration section */

/* Begin XCConfigurationList section */
		0009D6EA206CF45500BDBAE9 /* Build configuration list for PBXProject "AR Dicee" */ = {
			isa = XCConfigurationList;
			buildConfigurations = (
				0009D701206CF45500BDBAE9 /* Debug */,
				0009D702206CF45500BDBAE9 /* Release */,
			);
			defaultConfigurationIsVisible = 0;
			defaultConfigurationName = Release;
		};
		0009D703206CF45500BDBAE9 /* Build configuration list for PBXNativeTarget "AR Dicee" */ = {
			isa = XCConfigurationList;
			buildConfigurations = (
				0009D704206CF45500BDBAE9 /* Debug */,
				0009D705206CF45500BDBAE9 /* Release */,
			);
			defaultConfigurationIsVisible = 0;
			defaultConfigurationName = Release;
		};
/* End XCConfigurationList section */
	};
	rootObject = 0009D6E7206CF45500BDBAE9 /* Project object */;
}
